
Microsoft Visual Studio Solution File, Format Version 12.00
# Visual Studio Version 17
VisualStudioVersion = 17.3.32519.111
MinimumVisualStudioVersion = 10.0.40219.1
Project("{8BC9CEB8-8B4A-11D0-8D11-00A0C91BC942}") = "thinkcell_intervalmap_assignment", "thinkcell_intervalmap_assignment\thinkcell_intervalmap_assignment.vcxproj", "{20DF0D9F-00BC-4BFF-B5ED-5A9356EBB3BC}"
EndProject
Global
	GlobalSection(SolutionConfigurationPlatforms) = preSolution
		Debug|x64 = Debug|x64
		Debug|x86 = Debug|x86
		Release|x64 = Release|x64
		Release|x86 = Release|x86
	EndGlobalSection
	GlobalSection(ProjectConfigurationPlatforms) = postSolution
		{20DF0D9F-00BC-4BFF-B5ED-5A9356EBB3BC}.Debug|x64.ActiveCfg = Debug|x64
		{20DF0D9F-00BC-4BFF-B5ED-5A9356EBB3BC}.Debug|x64.Build.0 = Debug|x64
		{20DF0D9F-00BC-4BFF-B5ED-5A9356EBB3BC}.Debug|x86.ActiveCfg = Debug|Win32
		{20DF0D9F-00BC-4BFF-B5ED-5A9356EBB3BC}.Debug|x86.Build.0 = Debug|Win32
		{20DF0D9F-00BC-4BFF-B5ED-5A9356EBB3BC}.Release|x64.ActiveCfg = Release|x64
		{20DF0D9F-00BC-4BFF-B5ED-5A9356EBB3BC}.Release|x64.Build.0 = Release|x64
		{20DF0D9F-00BC-4BFF-B5ED-5A9356EBB3BC}.Release|x86.ActiveCfg = Release|Win32
		{20DF0D9F-00BC-4BFF-B5ED-5A9356EBB3BC}.Release|x86.Build.0 = Release|Win32
	EndGlobalSection
	GlobalSection(SolutionProperties) = preSolution
		HideSolutionNode = FALSE
	EndGlobalSection
	GlobalSection(ExtensibilityGlobals) = postSolution
		SolutionGuid = {CD2EA375-8B66-4CCE-94A0-62CBA6CCC7E4}
	EndGlobalSection
EndGlobal
